// !$*UTF8*$!
{
	archiveVersion = 1;
	classes = {
	};
	objectVersion = 46;
	objects = {

/* Begin PBXBuildFile section */
		C626DF3B1EEE26DD00F398DE /* main.m in Sources */ = {isa = PBXBuildFile; fileRef = C626DF3A1EEE26DD00F398DE /* main.m */; };
		C626DF3E1EEE26DD00F398DE /* AppDelegate.m in Sources */ = {isa = PBXBuildFile; fileRef = C626DF3D1EEE26DD00F398DE /* AppDelegate.m */; };
		C626DF411EEE26DD00F398DE /* ViewController.m in Sources */ = {isa = PBXBuildFile; fileRef = C626DF401EEE26DD00F398DE /* ViewController.m */; };
		C626DF441EEE26DD00F398DE /* Main.storyboard in Resources */ = {isa = PBXBuildFile; fileRef = C626DF421EEE26DD00F398DE /* Main.storyboard */; };
		C626DF461EEE26DD00F398DE /* Assets.xcassets in Resources */ = {isa = PBXBuildFile; fileRef = C626DF451EEE26DD00F398DE /* Assets.xcassets */; };
		C626DF491EEE26DD00F398DE /* LaunchScreen.storyboard in Resources */ = {isa = PBXBuildFile; fileRef = C626DF471EEE26DD00F398DE /* LaunchScreen.storyboard */; };
		C626DF541EEE26DE00F398DE /* GCD_DemoUITests.m in Sources */ = {isa = PBXBuildFile; fileRef = C626DF531EEE26DE00F398DE /* GCD_DemoUITests.m */; };
		C626DF611EEE283E00F398DE /* Dispatch_barrier_async_Demo.m in Sources */ = {isa = PBXBuildFile; fileRef = C626DF601EEE283E00F398DE /* Dispatch_barrier_async_Demo.m */; };
		C626DF641EEEC6FB00F398DE /* Dispatch_group_t_Demo.m in Sources */ = {isa = PBXBuildFile; fileRef = C626DF631EEEC6FB00F398DE /* Dispatch_group_t_Demo.m */; };
/* End PBXBuildFile section */

/* Begin PBXContainerItemProxy section */
		C626DF501EEE26DE00F398DE /* PBXContainerItemProxy */ = {
			isa = PBXContainerItemProxy;
			containerPortal = C626DF2E1EEE26DD00F398DE /* Project object */;
			proxyType = 1;
			remoteGlobalIDString = C626DF351EEE26DD00F398DE;
			remoteInfo = GCD_Demo;
		};
/* End PBXContainerItemProxy section */

/* Begin PBXFileReference section */
		C626DF361EEE26DD00F398DE /* GCD_Demo.app */ = {isa = PBXFileReference; explicitFileType = wrapper.application; includeInIndex = 0; path = GCD_Demo.app; sourceTree = BUILT_PRODUCTS_DIR; };
		C626DF3A1EEE26DD00F398DE /* main.m */ = {isa = PBXFileReference; lastKnownFileType = sourcecode.c.objc; path = main.m; sourceTree = "<group>"; };
		C626DF3C1EEE26DD00F398DE /* AppDelegate.h */ = {isa = PBXFileReference; lastKnownFileType = sourcecode.c.h; path = AppDelegate.h; sourceTree = "<group>"; };
		C626DF3D1EEE26DD00F398DE /* AppDelegate.m */ = {isa = PBXFileReference; lastKnownFileType = sourcecode.c.objc; path = AppDelegate.m; sourceTree = "<group>"; };
		C626DF3F1EEE26DD00F398DE /* ViewController.h */ = {isa = PBXFileReference; lastKnownFileType = sourcecode.c.h; path = ViewController.h; sourceTree = "<group>"; };
		C626DF401EEE26DD00F398DE /* ViewController.m */ = {isa = PBXFileReference; lastKnownFileType = sourcecode.c.objc; path = ViewController.m; sourceTree = "<group>"; };
		C626DF431EEE26DD00F398DE /* Base */ = {isa = PBXFileReference; lastKnownFileType = file.storyboard; name = Base; path = Base.lproj/Main.storyboard; sourceTree = "<group>"; };
		C626DF451EEE26DD00F398DE /* Assets.xcassets */ = {isa = PBXFileReference; lastKnownFileType = folder.assetcatalog; path = Assets.xcassets; sourceTree = "<group>"; };
		C626DF481EEE26DD00F398DE /* Base */ = {isa = PBXFileReference; lastKnownFileType = file.storyboard; name = Base; path = Base.lproj/LaunchScreen.storyboard; sourceTree = "<group>"; };
		C626DF4A1EEE26DD00F398DE /* Info.plist */ = {isa = PBXFileReference; lastKnownFileType = text.plist.xml; path = Info.plist; sourceTree = "<group>"; };
		C626DF4F1EEE26DE00F398DE /* GCD_DemoUITests.xctest */ = {isa = PBXFileReference; explicitFileType = wrapper.cfbundle; includeInIndex = 0; path = GCD_DemoUITests.xctest; sourceTree = BUILT_PRODUCTS_DIR; };
		C626DF531EEE26DE00F398DE /* GCD_DemoUITests.m */ = {isa = PBXFileReference; lastKnownFileType = sourcecode.c.objc; path = GCD_DemoUITests.m; sourceTree = "<group>"; };
		C626DF551EEE26DE00F398DE /* Info.plist */ = {isa = PBXFileReference; lastKnownFileType = text.plist.xml; path = Info.plist; sourceTree = "<group>"; };
		C626DF5F1EEE283E00F398DE /* Dispatch_barrier_async_Demo.h */ = {isa = PBXFileReference; fileEncoding = 4; lastKnownFileType = sourcecode.c.h; path = Dispatch_barrier_async_Demo.h; sourceTree = "<group>"; };
		C626DF601EEE283E00F398DE /* Dispatch_barrier_async_Demo.m */ = {isa = PBXFileReference; fileEncoding = 4; lastKnownFileType = sourcecode.c.objc; path = Dispatch_barrier_async_Demo.m; sourceTree = "<group>"; };
		C626DF621EEEC6FB00F398DE /* Dispatch_group_t_Demo.h */ = {isa = PBXFileReference; fileEncoding = 4; lastKnownFileType = sourcecode.c.h; path = Dispatch_group_t_Demo.h; sourceTree = "<group>"; };
		C626DF631EEEC6FB00F398DE /* Dispatch_group_t_Demo.m */ = {isa = PBXFileReference; fileEncoding = 4; lastKnownFileType = sourcecode.c.objc; path = Dispatch_group_t_Demo.m; sourceTree = "<group>"; };
/* End PBXFileReference section */

/* Begin PBXFrameworksBuildPhase section */
		C626DF331EEE26DD00F398DE /* Frameworks */ = {
			isa = PBXFrameworksBuildPhase;
			buildActionMask = 2147483647;
			files = (
			);
			runOnlyForDeploymentPostprocessing = 0;
		};
		C626DF4C1EEE26DE00F398DE /* Frameworks */ = {
			isa = PBXFrameworksBuildPhase;
			buildActionMask = 2147483647;
			files = (
			);
			runOnlyForDeploymentPostprocessing = 0;
		};
/* End PBXFrameworksBuildPhase section */

/* Begin PBXGroup section */
		C626DF2D1EEE26DD00F398DE = {
			isa = PBXGroup;
			children = (
				C626DF381EEE26DD00F398DE /* GCD_Demo */,
				C626DF521EEE26DE00F398DE /* GCD_DemoUITests */,
				C626DF371EEE26DD00F398DE /* Products */,
			);
			sourceTree = "<group>";
		};
		C626DF371EEE26DD00F398DE /* Products */ = {
			isa = PBXGroup;
			children = (
				C626DF361EEE26DD00F398DE /* GCD_Demo.app */,
				C626DF4F1EEE26DE00F398DE /* GCD_DemoUITests.xctest */,
			);
			name = Products;
			sourceTree = "<group>";
		};
		C626DF381EEE26DD00F398DE /* GCD_Demo */ = {
			isa = PBXGroup;
			children = (
				C626DF5E1EEE27F200F398DE /* Detial */,
				C626DF3C1EEE26DD00F398DE /* AppDelegate.h */,
				C626DF3D1EEE26DD00F398DE /* AppDelegate.m */,
				C626DF3F1EEE26DD00F398DE /* ViewController.h */,
				C626DF401EEE26DD00F398DE /* ViewController.m */,
				C626DF421EEE26DD00F398DE /* Main.storyboard */,
				C626DF451EEE26DD00F398DE /* Assets.xcassets */,
				C626DF471EEE26DD00F398DE /* LaunchScreen.storyboard */,
				C626DF4A1EEE26DD00F398DE /* Info.plist */,
				C626DF391EEE26DD00F398DE /* Supporting Files */,
			);
			path = GCD_Demo;
			sourceTree = "<group>";
		};
		C626DF391EEE26DD00F398DE /* Supporting Files */ = {
			isa = PBXGroup;
			children = (
				C626DF3A1EEE26DD00F398DE /* main.m */,
			);
			name = "Supporting Files";
			sourceTree = "<group>";
		};
		C626DF521EEE26DE00F398DE /* GCD_DemoUITests */ = {
			isa = PBXGroup;
			children = (
				C626DF531EEE26DE00F398DE /* GCD_DemoUITests.m */,
				C626DF551EEE26DE00F398DE /* Info.plist */,
			);
			path = GCD_DemoUITests;
			sourceTree = "<group>";
		};
		C626DF5E1EEE27F200F398DE /* Detial */ = {
			isa = PBXGroup;
			children = (
				C626DF5F1EEE283E00F398DE /* Dispatch_barrier_async_Demo.h */,
				C626DF601EEE283E00F398DE /* Dispatch_barrier_async_Demo.m */,
				C626DF621EEEC6FB00F398DE /* Dispatch_group_t_Demo.h */,
				C626DF631EEEC6FB00F398DE /* Dispatch_group_t_Demo.m */,
			);
			name = Detial;
			sourceTree = "<group>";
		};
/* End PBXGroup section */

/* Begin PBXNativeTarget section */
		C626DF351EEE26DD00F398DE /* GCD_Demo */ = {
			isa = PBXNativeTarget;
			buildConfigurationList = C626DF581EEE26DE00F398DE /* Build configuration list for PBXNativeTarget "GCD_Demo" */;
			buildPhases = (
				C626DF321EEE26DD00F398DE /* Sources */,
				C626DF331EEE26DD00F398DE /* Frameworks */,
				C626DF341EEE26DD00F398DE /* Resources */,
			);
			buildRules = (
			);
			dependencies = (
			);
			name = GCD_Demo;
			productName = GCD_Demo;
			productReference = C626DF361EEE26DD00F398DE /* GCD_Demo.app */;
			productType = "com.apple.product-type.application";
		};
		C626DF4E1EEE26DE00F398DE /* GCD_DemoUITests */ = {
			isa = PBXNativeTarget;
			buildConfigurationList = C626DF5B1EEE26DE00F398DE /* Build configuration list for PBXNativeTarget "GCD_DemoUITests" */;
			buildPhases = (
				C626DF4B1EEE26DE00F398DE /* Sources */,
				C626DF4C1EEE26DE00F398DE /* Frameworks */,
				C626DF4D1EEE26DE00F398DE /* Resources */,
			);
			buildRules = (
			);
			dependencies = (
				C626DF511EEE26DE00F398DE /* PBXTargetDependency */,
			);
			name = GCD_DemoUITests;
			productName = GCD_DemoUITests;
			productReference = C626DF4F1EEE26DE00F398DE /* GCD_DemoUITests.xctest */;
			productType = "com.apple.product-type.bundle.ui-testing";
		};
/* End PBXNativeTarget section */

/* Begin PBXProject section */
		C626DF2E1EEE26DD00F398DE /* Project object */ = {
			isa = PBXProject;
			attributes = {
				LastUpgradeCheck = 0820;
				ORGANIZATIONNAME = whrarest;
				TargetAttributes = {
					C626DF351EEE26DD00F398DE = {
						CreatedOnToolsVersion = 8.2.1;
						DevelopmentTeam = HWVCF953XS;
						ProvisioningStyle = Automatic;
					};
					C626DF4E1EEE26DE00F398DE = {
						CreatedOnToolsVersion = 8.2.1;
						DevelopmentTeam = HWVCF953XS;
						ProvisioningStyle = Automatic;
						TestTargetID = C626DF351EEE26DD00F398DE;
					};
				};
			};
			buildConfigurationList = C626DF311EEE26DD00F398DE /* Build configuration list for PBXProject "GCD_Demo" */;
			compatibilityVersion = "Xcode 3.2";
			developmentRegion = English;
			hasScannedForEncodings = 0;
			knownRegions = (
				en,
				Base,
			);
			mainGroup = C626DF2D1EEE26DD00F398DE;
			productRefGroup = C626DF371EEE26DD00F398DE /* Products */;
			projectDirPath = "";
			projectRoot = "";
			targets = (
				C626DF351EEE26DD00F398DE /* GCD_Demo */,
				C626DF4E1EEE26DE00F398DE /* GCD_DemoUITests */,
			);
		};
/* End PBXProject section */

/* Begin PBXResourcesBuildPhase section */
		C626DF341EEE26DD00F398DE /* Resources */ = {
			isa = PBXResourcesBuildPhase;
			buildActionMask = 2147483647;
			files = (
				C626DF491EEE26DD00F398DE /* LaunchScreen.storyboard in Resources */,
				C626DF461EEE26DD00F398DE /* Assets.xcassets in Resources */,
				C626DF441EEE26DD00F398DE /* Main.storyboard in Resources */,
			);
			runOnlyForDeploymentPostprocessing = 0;
		};
		C626DF4D1EEE26DE00F398DE /* Resources */ = {
			isa = PBXResourcesBuildPhase;
			buildActionMask = 2147483647;
			files = (
			);
			runOnlyForDeploymentPostprocessing = 0;
		};
/* End PBXResourcesBuildPhase section */

/* Begin PBXSourcesBuildPhase section */
		C626DF321EEE26DD00F398DE /* Sources */ = {
			isa = PBXSourcesBuildPhase;
			buildActionMask = 2147483647;
			files = (
				C626DF411EEE26DD00F398DE /* ViewController.m in Sources */,
				C626DF641EEEC6FB00F398DE /* Dispatch_group_t_Demo.m in Sources */,
				C626DF3E1EEE26DD00F398DE /* AppDelegate.m in Sources */,
				C626DF3B1EEE26DD00F398DE /* main.m in Sources */,
				C626DF611EEE283E00F398DE /* Dispatch_barrier_async_Demo.m in Sources */,
			);
			runOnlyForDeploymentPostprocessing = 0;
		};
		C626DF4B1EEE26DE00F398DE /* Sources */ = {
			isa = PBXSourcesBuildPhase;
			buildActionMask = 2147483647;
			files = (
				C626DF541EEE26DE00F398DE /* GCD_DemoUITests.m in Sources */,
			);
			runOnlyForDeploymentPostprocessing = 0;
		};
/* End PBXSourcesBuildPhase section */

/* Begin PBXTargetDependency section */
		C626DF511EEE26DE00F398DE /* PBXTargetDependency */ = {
			isa = PBXTargetDependency;
			target = C626DF351EEE26DD00F398DE /* GCD_Demo */;
			targetProxy = C626DF501EEE26DE00F398DE /* PBXContainerItemProxy */;
		};
/* End PBXTargetDependency section */

/* Begin PBXVariantGroup section */
		C626DF421EEE26DD00F398DE /* Main.storyboard */ = {
			isa = PBXVariantGroup;
			children = (
				C626DF431EEE26DD00F398DE /* Base */,
			);
			name = Main.storyboard;
			sourceTree = "<group>";
		};
		C626DF471EEE26DD00F398DE /* LaunchScreen.storyboard */ = {
			isa = PBXVariantGroup;
			children = (
				C626DF481EEE26DD00F398DE /* Base */,
			);
			name = LaunchScreen.storyboard;
			sourceTree = "<group>";
		};
/* End PBXVariantGroup section */

/* Begin XCBuildConfiguration section */
		C626DF561EEE26DE00F398DE /* Debug */ = {
			isa = XCBuildConfiguration;
			buildSettings = {
				ALWAYS_SEARCH_USER_PATHS = NO;
				CLANG_ANALYZER_NONNULL = YES;
				CLANG_CXX_LANGUAGE_STANDARD = "gnu++0x";
				CLANG_CXX_LIBRARY = "libc++";
				CLANG_ENABLE_MODULES = YES;
				CLANG_ENABLE_OBJC_ARC = YES;
				CLANG_WARN_BOOL_CONVERSION = YES;
				CLANG_WARN_CONSTANT_CONVERSION = YES;
				CLANG_WARN_DIRECT_OBJC_ISA_USAGE = YES_ERROR;
				CLANG_WARN_DOCUMENTATION_COMMENTS = YES;
				CLANG_WARN_EMPTY_BODY = YES;
				CLANG_WARN_ENUM_CONVERSION = YES;
				CLANG_WARN_INFINITE_RECURSION = YES;
				CLANG_WARN_INT_CONVERSION = YES;
				CLANG_WARN_OBJC_ROOT_CLASS = YES_ERROR;
				CLANG_WARN_SUSPICIOUS_MOVE = YES;
				CLANG_WARN_UNREACHABLE_CODE = YES;
				CLANG_WARN__DUPLICATE_METHOD_MATCH = YES;
				"CODE_SIGN_IDENTITY[sdk=iphoneos*]" = "iPhone Developer";
				COPY_PHASE_STRIP = NO;
				DEBUG_INFORMATION_FORMAT = dwarf;
				ENABLE_STRICT_OBJC_MSGSEND = YES;
				ENABLE_TESTABILITY = YES;
				GCC_C_LANGUAGE_STANDARD = gnu99;
				GCC_DYNAMIC_NO_PIC = NO;
				GCC_NO_COMMON_BLOCKS = YES;
				GCC_OPTIMIZATION_LEVEL = 0;
				GCC_PREPROCESSOR_DEFINITIONS = (
					"DEBUG=1",
					"$(inherited)",
				);
				GCC_WARN_64_TO_32_BIT_CONVERSION = YES;
				GCC_WARN_ABOUT_RETURN_TYPE = YES_ERROR;
				GCC_WARN_UNDECLARED_SELECTOR = YES;
				GCC_WARN_UNINITIALIZED_AUTOS = YES_AGGRESSIVE;
				GCC_WARN_UNUSED_FUNCTION = YES;
				GCC_WARN_UNUSED_VARIABLE = YES;
				IPHONEOS_DEPLOYMENT_TARGET = 10.2;
				MTL_ENABLE_DEBUG_INFO = YES;
				ONLY_ACTIVE_ARCH = YES;
				SDKROOT = iphoneos;
			};
			name = Debug;
		};
		C626DF571EEE26DE00F398DE /* Release */ = {
			isa = XCBuildConfiguration;
			buildSettings = {
				ALWAYS_SEARCH_USER_PATHS = NO;
				CLANG_ANALYZER_NONNULL = YES;
				CLANG_CXX_LANGUAGE_STANDARD = "gnu++0x";
				CLANG_CXX_LIBRARY = "libc++";
				CLANG_ENABLE_MODULES = YES;
				CLANG_ENABLE_OBJC_ARC = YES;
				CLANG_WARN_BOOL_CONVERSION = YES;
				CLANG_WARN_CONSTANT_CONVERSION = YES;
				CLANG_WARN_DIRECT_OBJC_ISA_USAGE = YES_ERROR;
				CLANG_WARN_DOCUMENTATION_COMMENTS = YES;
				CLANG_WARN_EMPTY_BODY = YES;
				CLANG_WARN_ENUM_CONVERSION = YES;
				CLANG_WARN_INFINITE_RECURSION = YES;
				CLANG_WARN_INT_CONVERSION = YES;
				CLANG_WARN_OBJC_ROOT_CLASS = YES_ERROR;
				CLANG_WARN_SUSPICIOUS_MOVE = YES;
				CLANG_WARN_UNREACHABLE_CODE = YES;
				CLANG_WARN__DUPLICATE_METHOD_MATCH = YES;
				"CODE_SIGN_IDENTITY[sdk=iphoneos*]" = "iPhone Developer";
				COPY_PHASE_STRIP = NO;
				DEBUG_INFORMATION_FORMAT = "dwarf-with-dsym";
				ENABLE_NS_ASSERTIONS = NO;
				ENABLE_STRICT_OBJC_MSGSEND = YES;
				GCC_C_LANGUAGE_STANDARD = gnu99;
				GCC_NO_COMMON_BLOCKS = YES;
				GCC_WARN_64_TO_32_BIT_CONVERSION = YES;
				GCC_WARN_ABOUT_RETURN_TYPE = YES_ERROR;
				GCC_WARN_UNDECLARED_SELECTOR = YES;
				GCC_WARN_UNINITIALIZED_AUTOS = YES_AGGRESSIVE;
				GCC_WARN_UNUSED_FUNCTION = YES;
				GCC_WARN_UNUSED_VARIABLE = YES;
				IPHONEOS_DEPLOYMENT_TARGET = 10.2;
				MTL_ENABLE_DEBUG_INFO = NO;
				SDKROOT = iphoneos;
				VALIDATE_PRODUCT = YES;
			};
			name = Release;
		};
		C626DF591EEE26DE00F398DE /* Debug */ = {
			isa = XCBuildConfiguration;
			buildSettings = {
				ASSETCATALOG_COMPILER_APPICON_NAME = AppIcon;
				DEVELOPMENT_TEAM = HWVCF953XS;
				INFOPLIST_FILE = GCD_Demo/Info.plist;
				LD_RUNPATH_SEARCH_PATHS = "$(inherited) @executable_path/Frameworks";
				PRODUCT_BUNDLE_IDENTIFIER = "com.whrarest.mooc.GCD-Demo";
				PRODUCT_NAME = "$(TARGET_NAME)";
			};
			name = Debug;
		};
		C626DF5A1EEE26DE00F398DE /* Release */ = {
			isa = XCBuildConfiguration;
			buildSettings = {
				ASSETCATALOG_COMPILER_APPICON_NAME = AppIcon;
				DEVELOPMENT_TEAM = HWVCF953XS;
				INFOPLIST_FILE = GCD_Demo/Info.plist;
				LD_RUNPATH_SEARCH_PATHS = "$(inherited) @executable_path/Frameworks";
				PRODUCT_BUNDLE_IDENTIFIER = "com.whrarest.mooc.GCD-Demo";
				PRODUCT_NAME = "$(TARGET_NAME)";
			};
			name = Release;
		};
		C626DF5C1EEE26DE00F398DE /* Debug */ = {
			isa = XCBuildConfiguration;
			buildSettings = {
				DEVELOPMENT_TEAM = HWVCF953XS;
				INFOPLIST_FILE = GCD_DemoUITests/Info.plist;
				LD_RUNPATH_SEARCH_PATHS = "$(inherited) @executable_path/Frameworks @loader_path/Frameworks";
				PRODUCT_BUNDLE_IDENTIFIER = "com.whrarest.mooc.GCD-DemoUITests";
				PRODUCT_NAME = "$(TARGET_NAME)";
				TEST_TARGET_NAME = GCD_Demo;
			};
			name = Debug;
		};
		C626DF5D1EEE26DE00F398DE /* Release */ = {
			isa = XCBuildConfiguration;
			buildSettings = {
				DEVELOPMENT_TEAM = HWVCF953XS;
				INFOPLIST_FILE = GCD_DemoUITests/Info.plist;
				LD_RUNPATH_SEARCH_PATHS = "$(inherited) @executable_path/Frameworks @loader_path/Frameworks";
				PRODUCT_BUNDLE_IDENTIFIER = "com.whrarest.mooc.GCD-DemoUITests";
				PRODUCT_NAME = "$(TARGET_NAME)";
				TEST_TARGET_NAME = GCD_Demo;
			};
			name = Release;
		};
/* End XCBuildConfiguration section */

/* Begin XCConfigurationList section */
		C626DF311EEE26DD00F398DE /* Build configuration list for PBXProject "GCD_Demo" */ = {
			isa = XCConfigurationList;
			buildConfigurations = (
				C626DF561EEE26DE00F398DE /* Debug */,
				C626DF571EEE26DE00F398DE /* Release */,
			);
			defaultConfigurationIsVisible = 0;
			defaultConfigurationName = Release;
		};
		C626DF581EEE26DE00F398DE /* Build configuration list for PBXNativeTarget "GCD_Demo" */ = {
			isa = XCConfigurationList;
			buildConfigurations = (
				C626DF591EEE26DE00F398DE /* Debug */,
				C626DF5A1EEE26DE00F398DE /* Release */,
			);
			defaultConfigurationIsVisible = 0;
		};
		C626DF5B1EEE26DE00F398DE /* Build configuration list for PBXNativeTarget "GCD_DemoUITests" */ = {
			isa = XCConfigurationList;
			buildConfigurations = (
				C626DF5C1EEE26DE00F398DE /* Debug */,
				C626DF5D1EEE26DE00F398DE /* Release */,
			);
			defaultConfigurationIsVisible = 0;
		};
/* End XCConfigurationList section */
	};
	rootObject = C626DF2E1EEE26DD00F398DE /* Project object */;
}
